
Microsoft Visual Studio Solution File, Format Version 12.00
# Visual Studio 14
VisualStudioVersion = 14.0.24720.0
MinimumVisualStudioVersion = 10.0.40219.1
Project("{FAE04EC0-301F-11D3-BF4B-00C04F79EFBC}") = "Demo07 kotitehtävät", "Demo07 kotitehtävät\Demo07 kotitehtävät.csproj", "{BEF6EDBF-3C28-4ABF-8C95-053EB05A9CAE}"
EndProject
Project("{FAE04EC0-301F-11D3-BF4B-00C04F79EFBC}") = "harjoitus 2", "harjoitus 2\harjoitus 2.csproj", "{24D05B15-3932-4C82-8712-05D634743B1A}"
EndProject
Global
	GlobalSection(SolutionConfigurationPlatforms) = preSolution
		Debug|Any CPU = Debug|Any CPU
		Release|Any CPU = Release|Any CPU
	EndGlobalSection
	GlobalSection(ProjectConfigurationPlatforms) = postSolution
		{BEF6EDBF-3C28-4ABF-8C95-053EB05A9CAE}.Debug|Any CPU.ActiveCfg = Debug|Any CPU
		{BEF6EDBF-3C28-4ABF-8C95-053EB05A9CAE}.Debug|Any CPU.Build.0 = Debug|Any CPU
		{BEF6EDBF-3C28-4ABF-8C95-053EB05A9CAE}.Release|Any CPU.ActiveCfg = Release|Any CPU
		{BEF6EDBF-3C28-4ABF-8C95-053EB05A9CAE}.Release|Any CPU.Build.0 = Release|Any CPU
		{24D05B15-3932-4C82-8712-05D634743B1A}.Debug|Any CPU.ActiveCfg = Debug|Any CPU
		{24D05B15-3932-4C82-8712-05D634743B1A}.Debug|Any CPU.Build.0 = Debug|Any CPU
		{24D05B15-3932-4C82-8712-05D634743B1A}.Release|Any CPU.ActiveCfg = Release|Any CPU
		{24D05B15-3932-4C82-8712-05D634743B1A}.Release|Any CPU.Build.0 = Release|Any CPU
	EndGlobalSection
	GlobalSection(SolutionProperties) = preSolution
		HideSolutionNode = FALSE
	EndGlobalSection
EndGlobal
